// !$*UTF8*$!
{
	archiveVersion = 1;
	classes = {
	};
	objectVersion = 56;
	objects = {

/* Begin PBXBuildFile section */
		9C92874C2E6108E900860481 /* ActionItemsDataVM.swift in Sources */ = {isa = PBXBuildFile; fileRef = 9C92874B2E6108E900860481 /* ActionItemsDataVM.swift */; };
		9C9B58FD2E60AAE4002F515E /* FIB_CloneApp.swift in Sources */ = {isa = PBXBuildFile; fileRef = 9C9B58FC2E60AAE4002F515E /* FIB_CloneApp.swift */; };
		9C9B58FF2E60AAE4002F515E /* ContentView.swift in Sources */ = {isa = PBXBuildFile; fileRef = 9C9B58FE2E60AAE4002F515E /* ContentView.swift */; };
		9C9B59012E60AAE6002F515E /* Assets.xcassets in Resources */ = {isa = PBXBuildFile; fileRef = 9C9B59002E60AAE6002F515E /* Assets.xcassets */; };
		9C9B59042E60AAE6002F515E /* Preview Assets.xcassets in Resources */ = {isa = PBXBuildFile; fileRef = 9C9B59032E60AAE6002F515E /* Preview Assets.xcassets */; };
		9C9B590B2E60AB79002F515E /* BottomNavigation.swift in Sources */ = {isa = PBXBuildFile; fileRef = 9C9B590A2E60AB79002F515E /* BottomNavigation.swift */; };
		9C9B590C2E60AC01002F515E /* AccountViewController.swift in Sources */ = {isa = PBXBuildFile; fileRef = 9C9B590D2E60AC01002F515E /* AccountViewController.swift */; };
		9C9B590E2E60AC02002F515E /* CardsViewController.swift in Sources */ = {isa = PBXBuildFile; fileRef = 9C9B590F2E60AC02002F515E /* CardsViewController.swift */; };
		9C9B59102E60AC03002F515E /* ScanViewController.swift in Sources */ = {isa = PBXBuildFile; fileRef = 9C9B59112E60AC03002F515E /* ScanViewController.swift */; };
		9C9B59122E60AC04002F515E /* SupportViewController.swift in Sources */ = {isa = PBXBuildFile; fileRef = 9C9B59132E60AC04002F515E /* SupportViewController.swift */; };
		9C9B59142E60AC05002F515E /* MenuViewController.swift in Sources */ = {isa = PBXBuildFile; fileRef = 9C9B59152E60AC05002F515E /* MenuViewController.swift */; };
		9C9B59162E60AC06002F515E /* ActionItem.swift in Sources */ = {isa = PBXBuildFile; fileRef = 9C9B59172E60AC06002F515E /* ActionItem.swift */; };
/* End PBXBuildFile section */

/* Begin PBXFileReference section */
		9C92874B2E6108E900860481 /* ActionItemsDataVM.swift */ = {isa = PBXFileReference; lastKnownFileType = sourcecode.swift; path = ActionItemsDataVM.swift; sourceTree = "<group>"; };
		9C9B58F92E60AAE4002F515E /* FIB_Clone.app */ = {isa = PBXFileReference; explicitFileType = wrapper.application; includeInIndex = 0; path = FIB_Clone.app; sourceTree = BUILT_PRODUCTS_DIR; };
		9C9B58FC2E60AAE4002F515E /* FIB_CloneApp.swift */ = {isa = PBXFileReference; lastKnownFileType = sourcecode.swift; path = FIB_CloneApp.swift; sourceTree = "<group>"; };
		9C9B58FE2E60AAE4002F515E /* ContentView.swift */ = {isa = PBXFileReference; lastKnownFileType = sourcecode.swift; path = ContentView.swift; sourceTree = "<group>"; };
		9C9B59002E60AAE6002F515E /* Assets.xcassets */ = {isa = PBXFileReference; lastKnownFileType = folder.assetcatalog; path = Assets.xcassets; sourceTree = "<group>"; };
		9C9B59032E60AAE6002F515E /* Preview Assets.xcassets */ = {isa = PBXFileReference; lastKnownFileType = folder.assetcatalog; path = "Preview Assets.xcassets"; sourceTree = "<group>"; };
		9C9B590A2E60AB79002F515E /* BottomNavigation.swift */ = {isa = PBXFileReference; lastKnownFileType = sourcecode.swift; path = BottomNavigation.swift; sourceTree = "<group>"; };
		9C9B590D2E60AC01002F515E /* AccountViewController.swift */ = {isa = PBXFileReference; lastKnownFileType = sourcecode.swift; path = AccountViewController.swift; sourceTree = "<group>"; };
		9C9B590F2E60AC02002F515E /* CardsViewController.swift */ = {isa = PBXFileReference; lastKnownFileType = sourcecode.swift; path = CardsViewController.swift; sourceTree = "<group>"; };
		9C9B59112E60AC03002F515E /* ScanViewController.swift */ = {isa = PBXFileReference; lastKnownFileType = sourcecode.swift; path = ScanViewController.swift; sourceTree = "<group>"; };
		9C9B59132E60AC04002F515E /* SupportViewController.swift */ = {isa = PBXFileReference; lastKnownFileType = sourcecode.swift; path = SupportViewController.swift; sourceTree = "<group>"; };
		9C9B59152E60AC05002F515E /* MenuViewController.swift */ = {isa = PBXFileReference; lastKnownFileType = sourcecode.swift; path = MenuViewController.swift; sourceTree = "<group>"; };
		9C9B59172E60AC06002F515E /* ActionItem.swift */ = {isa = PBXFileReference; lastKnownFileType = sourcecode.swift; path = ActionItem.swift; sourceTree = "<group>"; };
/* End PBXFileReference section */

/* Begin PBXFrameworksBuildPhase section */
		9C9B58F62E60AAE4002F515E /* Frameworks */ = {
			isa = PBXFrameworksBuildPhase;
			buildActionMask = 2147483647;
			files = (
			);
			runOnlyForDeploymentPostprocessing = 0;
		};
/* End PBXFrameworksBuildPhase section */

/* Begin PBXGroup section */
		9C9287472E60E6B400860481 /* View */ = {
			isa = PBXGroup;
			children = (
				9C92874A2E60E6F900860481 /* ViewModel */,
				9C9287482E60E7A100860481 /* MainViews */,
				9C9B590A2E60AB79002F515E /* BottomNavigation.swift */,
				9C9B58FE2E60AAE4002F515E /* ContentView.swift */,
			);
			path = View;
			sourceTree = "<group>";
		};
		9C9287482E60E7A100860481 /* MainViews */ = {
			isa = PBXGroup;
			children = (
				9C9B590D2E60AC01002F515E /* AccountViewController.swift */,
				9C9B590F2E60AC02002F515E /* CardsViewController.swift */,
				9C9B59112E60AC03002F515E /* ScanViewController.swift */,
				9C9B59132E60AC04002F515E /* SupportViewController.swift */,
				9C9B59152E60AC05002F515E /* MenuViewController.swift */,
			);
			path = MainViews;
			sourceTree = "<group>";
		};
		9C9287492E60E6F100860481 /* Model */ = {
			isa = PBXGroup;
			children = (
				9C9B59172E60AC06002F515E /* ActionItem.swift */,
			);
			path = Model;
			sourceTree = "<group>";
		};
		9C92874A2E60E6F900860481 /* ViewModel */ = {
			isa = PBXGroup;
			children = (
				9C92874B2E6108E900860481 /* ActionItemsDataVM.swift */,
			);
			path = ViewModel;
			sourceTree = "<group>";
		};
		9C9B58F02E60AAE4002F515E = {
			isa = PBXGroup;
			children = (
				9C9B58FB2E60AAE4002F515E /* FIB_Clone */,
				9C9B58FA2E60AAE4002F515E /* Products */,
			);
			sourceTree = "<group>";
		};
		9C9B58FA2E60AAE4002F515E /* Products */ = {
			isa = PBXGroup;
			children = (
				9C9B58F92E60AAE4002F515E /* FIB_Clone.app */,
			);
			name = Products;
			sourceTree = "<group>";
		};
		9C9B58FB2E60AAE4002F515E /* FIB_Clone */ = {
			isa = PBXGroup;
			children = (
				9C9B58FC2E60AAE4002F515E /* FIB_CloneApp.swift */,
				9C9287492E60E6F100860481 /* Model */,
				9C9287472E60E6B400860481 /* View */,
				9C9B59002E60AAE6002F515E /* Assets.xcassets */,
				9C9B59022E60AAE6002F515E /* Preview Content */,
			);
			path = FIB_Clone;
			sourceTree = "<group>";
		};
		9C9B59022E60AAE6002F515E /* Preview Content */ = {
			isa = PBXGroup;
			children = (
				9C9B59032E60AAE6002F515E /* Preview Assets.xcassets */,
			);
			path = "Preview Content";
			sourceTree = "<group>";
		};
/* End PBXGroup section */

/* Begin PBXNativeTarget section */
		9C9B58F82E60AAE4002F515E /* FIB_Clone */ = {
			isa = PBXNativeTarget;
			buildConfigurationList = 9C9B59072E60AAE6002F515E /* Build configuration list for PBXNativeTarget "FIB_Clone" */;
			buildPhases = (
				9C9B58F52E60AAE4002F515E /* Sources */,
				9C9B58F62E60AAE4002F515E /* Frameworks */,
				9C9B58F72E60AAE4002F515E /* Resources */,
			);
			buildRules = (
			);
			dependencies = (
			);
			name = FIB_Clone;
			productName = FIB_Clone;
			productReference = 9C9B58F92E60AAE4002F515E /* FIB_Clone.app */;
			productType = "com.apple.product-type.application";
		};
/* End PBXNativeTarget section */

/* Begin PBXProject section */
		9C9B58F12E60AAE4002F515E /* Project object */ = {
			isa = PBXProject;
			attributes = {
				BuildIndependentTargetsInParallel = 1;
				LastSwiftUpdateCheck = 1430;
				LastUpgradeCheck = 1430;
				TargetAttributes = {
					9C9B58F82E60AAE4002F515E = {
						CreatedOnToolsVersion = 14.3.1;
					};
				};
			};
			buildConfigurationList = 9C9B58F42E60AAE4002F515E /* Build configuration list for PBXProject "FIB_Clone" */;
			compatibilityVersion = "Xcode 14.0";
			developmentRegion = en;
			hasScannedForEncodings = 0;
			knownRegions = (
				en,
				Base,
			);
			mainGroup = 9C9B58F02E60AAE4002F515E;
			productRefGroup = 9C9B58FA2E60AAE4002F515E /* Products */;
			projectDirPath = "";
			projectRoot = "";
			targets = (
				9C9B58F82E60AAE4002F515E /* FIB_Clone */,
			);
		};
/* End PBXProject section */

/* Begin PBXResourcesBuildPhase section */
		9C9B58F72E60AAE4002F515E /* Resources */ = {
			isa = PBXResourcesBuildPhase;
			buildActionMask = 2147483647;
			files = (
				9C9B59042E60AAE6002F515E /* Preview Assets.xcassets in Resources */,
				9C9B59012E60AAE6002F515E /* Assets.xcassets in Resources */,
			);
			runOnlyForDeploymentPostprocessing = 0;
		};
/* End PBXResourcesBuildPhase section */

/* Begin PBXSourcesBuildPhase section */
		9C9B58F52E60AAE4002F515E /* Sources */ = {
			isa = PBXSourcesBuildPhase;
			buildActionMask = 2147483647;
			files = (
				9C9B58FF2E60AAE4002F515E /* ContentView.swift in Sources */,
				9C9B58FD2E60AAE4002F515E /* FIB_CloneApp.swift in Sources */,
				9C9B590B2E60AB79002F515E /* BottomNavigation.swift in Sources */,
				9C9B590C2E60AC01002F515E /* AccountViewController.swift in Sources */,
				9C9B590E2E60AC02002F515E /* CardsViewController.swift in Sources */,
				9C9B59102E60AC03002F515E /* ScanViewController.swift in Sources */,
				9C9B59122E60AC04002F515E /* SupportViewController.swift in Sources */,
				9C92874C2E6108E900860481 /* ActionItemsDataVM.swift in Sources */,
				9C9B59142E60AC05002F515E /* MenuViewController.swift in Sources */,
				9C9B59162E60AC06002F515E /* ActionItem.swift in Sources */,
			);
			runOnlyForDeploymentPostprocessing = 0;
		};
/* End PBXSourcesBuildPhase section */

/* Begin XCBuildConfiguration section */
		9C9B59052E60AAE6002F515E /* Debug */ = {
			isa = XCBuildConfiguration;
			buildSettings = {
				ALWAYS_SEARCH_USER_PATHS = NO;
				CLANG_ANALYZER_NONNULL = YES;
				CLANG_ANALYZER_NUMBER_OBJECT_CONVERSION = YES_AGGRESSIVE;
				CLANG_CXX_LANGUAGE_STANDARD = "gnu++20";
				CLANG_ENABLE_MODULES = YES;
				CLANG_ENABLE_OBJC_ARC = YES;
				CLANG_ENABLE_OBJC_WEAK = YES;
				CLANG_WARN_BLOCK_CAPTURE_AUTORELEASING = YES;
				CLANG_WARN_BOOL_CONVERSION = YES;
				CLANG_WARN_COMMA = YES;
				CLANG_WARN_CONSTANT_CONVERSION = YES;
				CLANG_WARN_DEPRECATED_OBJC_IMPLEMENTATIONS = YES;
				CLANG_WARN_DIRECT_OBJC_ISA_USAGE = YES_ERROR;
				CLANG_WARN_DOCUMENTATION_COMMENTS = YES;
				CLANG_WARN_EMPTY_BODY = YES;
				CLANG_WARN_ENUM_CONVERSION = YES;
				CLANG_WARN_INFINITE_RECURSION = YES;
				CLANG_WARN_INT_CONVERSION = YES;
				CLANG_WARN_NON_LITERAL_NULL_CONVERSION = YES;
				CLANG_WARN_OBJC_IMPLICIT_RETAIN_SELF = YES;
				CLANG_WARN_OBJC_LITERAL_CONVERSION = YES;
				CLANG_WARN_OBJC_ROOT_CLASS = YES_ERROR;
				CLANG_WARN_QUOTED_INCLUDE_IN_FRAMEWORK_HEADER = YES;
				CLANG_WARN_RANGE_LOOP_ANALYSIS = YES;
				CLANG_WARN_STRICT_PROTOTYPES = YES;
				CLANG_WARN_SUSPICIOUS_MOVE = YES;
				CLANG_WARN_UNGUARDED_AVAILABILITY = YES_AGGRESSIVE;
				CLANG_WARN_UNREACHABLE_CODE = YES;
				CLANG_WARN__DUPLICATE_METHOD_MATCH = YES;
				COPY_PHASE_STRIP = NO;
				DEBUG_INFORMATION_FORMAT = dwarf;
				ENABLE_STRICT_OBJC_MSGSEND = YES;
				ENABLE_TESTABILITY = YES;
				GCC_C_LANGUAGE_STANDARD = gnu11;
				GCC_DYNAMIC_NO_PIC = NO;
				GCC_NO_COMMON_BLOCKS = YES;
				GCC_OPTIMIZATION_LEVEL = 0;
				GCC_PREPROCESSOR_DEFINITIONS = (
					"DEBUG=1",
					"$(inherited)",
				);
				GCC_WARN_64_TO_32_BIT_CONVERSION = YES;
				GCC_WARN_ABOUT_RETURN_TYPE = YES_ERROR;
				GCC_WARN_UNDECLARED_SELECTOR = YES;
				GCC_WARN_UNINITIALIZED_AUTOS = YES_AGGRESSIVE;
				GCC_WARN_UNUSED_FUNCTION = YES;
				GCC_WARN_UNUSED_VARIABLE = YES;
				IPHONEOS_DEPLOYMENT_TARGET = 16.4;
				MTL_ENABLE_DEBUG_INFO = INCLUDE_SOURCE;
				MTL_FAST_MATH = YES;
				ONLY_ACTIVE_ARCH = YES;
				SDKROOT = iphoneos;
				SWIFT_ACTIVE_COMPILATION_CONDITIONS = DEBUG;
				SWIFT_OPTIMIZATION_LEVEL = "-Onone";
			};
			name = Debug;
		};
		9C9B59062E60AAE6002F515E /* Release */ = {
			isa = XCBuildConfiguration;
			buildSettings = {
				ALWAYS_SEARCH_USER_PATHS = NO;
				CLANG_ANALYZER_NONNULL = YES;
				CLANG_ANALYZER_NUMBER_OBJECT_CONVERSION = YES_AGGRESSIVE;
				CLANG_CXX_LANGUAGE_STANDARD = "gnu++20";
				CLANG_ENABLE_MODULES = YES;
				CLANG_ENABLE_OBJC_ARC = YES;
				CLANG_ENABLE_OBJC_WEAK = YES;
				CLANG_WARN_BLOCK_CAPTURE_AUTORELEASING = YES;
				CLANG_WARN_BOOL_CONVERSION = YES;
				CLANG_WARN_COMMA = YES;
				CLANG_WARN_CONSTANT_CONVERSION = YES;
				CLANG_WARN_DEPRECATED_OBJC_IMPLEMENTATIONS = YES;
				CLANG_WARN_DIRECT_OBJC_ISA_USAGE = YES_ERROR;
				CLANG_WARN_DOCUMENTATION_COMMENTS = YES;
				CLANG_WARN_EMPTY_BODY = YES;
				CLANG_WARN_ENUM_CONVERSION = YES;
				CLANG_WARN_INFINITE_RECURSION = YES;
				CLANG_WARN_INT_CONVERSION = YES;
				CLANG_WARN_NON_LITERAL_NULL_CONVERSION = YES;
				CLANG_WARN_OBJC_IMPLICIT_RETAIN_SELF = YES;
				CLANG_WARN_OBJC_LITERAL_CONVERSION = YES;
				CLANG_WARN_OBJC_ROOT_CLASS = YES_ERROR;
				CLANG_WARN_QUOTED_INCLUDE_IN_FRAMEWORK_HEADER = YES;
				CLANG_WARN_RANGE_LOOP_ANALYSIS = YES;
				CLANG_WARN_STRICT_PROTOTYPES = YES;
				CLANG_WARN_SUSPICIOUS_MOVE = YES;
				CLANG_WARN_UNGUARDED_AVAILABILITY = YES_AGGRESSIVE;
				CLANG_WARN_UNREACHABLE_CODE = YES;
				CLANG_WARN__DUPLICATE_METHOD_MATCH = YES;
				COPY_PHASE_STRIP = NO;
				DEBUG_INFORMATION_FORMAT = "dwarf-with-dsym";
				ENABLE_NS_ASSERTIONS = NO;
				ENABLE_STRICT_OBJC_MSGSEND = YES;
				GCC_C_LANGUAGE_STANDARD = gnu11;
				GCC_NO_COMMON_BLOCKS = YES;
				GCC_WARN_64_TO_32_BIT_CONVERSION = YES;
				GCC_WARN_ABOUT_RETURN_TYPE = YES_ERROR;
				GCC_WARN_UNDECLARED_SELECTOR = YES;
				GCC_WARN_UNINITIALIZED_AUTOS = YES_AGGRESSIVE;
				GCC_WARN_UNUSED_FUNCTION = YES;
				GCC_WARN_UNUSED_VARIABLE = YES;
				IPHONEOS_DEPLOYMENT_TARGET = 16.4;
				MTL_ENABLE_DEBUG_INFO = NO;
				MTL_FAST_MATH = YES;
				SDKROOT = iphoneos;
				SWIFT_COMPILATION_MODE = wholemodule;
				SWIFT_OPTIMIZATION_LEVEL = "-O";
				VALIDATE_PRODUCT = YES;
			};
			name = Release;
		};
		9C9B59082E60AAE6002F515E /* Debug */ = {
			isa = XCBuildConfiguration;
			buildSettings = {
				ASSETCATALOG_COMPILER_APPICON_NAME = AppIcon;
				ASSETCATALOG_COMPILER_GLOBAL_ACCENT_COLOR_NAME = AccentColor;
				CODE_SIGN_STYLE = Automatic;
				CURRENT_PROJECT_VERSION = 1;
				DEVELOPMENT_ASSET_PATHS = "\"FIB_Clone/Preview Content\"";
				ENABLE_PREVIEWS = YES;
				GENERATE_INFOPLIST_FILE = YES;
				INFOPLIST_KEY_UIApplicationSceneManifest_Generation = YES;
				INFOPLIST_KEY_UIApplicationSupportsIndirectInputEvents = YES;
				INFOPLIST_KEY_UILaunchScreen_Generation = YES;
				INFOPLIST_KEY_UISupportedInterfaceOrientations_iPad = "UIInterfaceOrientationPortrait UIInterfaceOrientationPortraitUpsideDown UIInterfaceOrientationLandscapeLeft UIInterfaceOrientationLandscapeRight";
				INFOPLIST_KEY_UISupportedInterfaceOrientations_iPhone = "UIInterfaceOrientationPortrait UIInterfaceOrientationLandscapeLeft UIInterfaceOrientationLandscapeRight";
				LD_RUNPATH_SEARCH_PATHS = (
					"$(inherited)",
					"@executable_path/Frameworks",
				);
				MARKETING_VERSION = 1.0;
				PRODUCT_BUNDLE_IDENTIFIER = "com.syborg.fib.clone.FIB-Clone";
				PRODUCT_NAME = "$(TARGET_NAME)";
				SWIFT_EMIT_LOC_STRINGS = YES;
				SWIFT_VERSION = 5.0;
				TARGETED_DEVICE_FAMILY = "1,2";
			};
			name = Debug;
		};
		9C9B59092E60AAE6002F515E /* Release */ = {
			isa = XCBuildConfiguration;
			buildSettings = {
				ASSETCATALOG_COMPILER_APPICON_NAME = AppIcon;
				ASSETCATALOG_COMPILER_GLOBAL_ACCENT_COLOR_NAME = AccentColor;
				CODE_SIGN_STYLE = Automatic;
				CURRENT_PROJECT_VERSION = 1;
				DEVELOPMENT_ASSET_PATHS = "\"FIB_Clone/Preview Content\"";
				ENABLE_PREVIEWS = YES;
				GENERATE_INFOPLIST_FILE = YES;
				INFOPLIST_KEY_UIApplicationSceneManifest_Generation = YES;
				INFOPLIST_KEY_UIApplicationSupportsIndirectInputEvents = YES;
				INFOPLIST_KEY_UILaunchScreen_Generation = YES;
				INFOPLIST_KEY_UISupportedInterfaceOrientations_iPad = "UIInterfaceOrientationPortrait UIInterfaceOrientationPortraitUpsideDown UIInterfaceOrientationLandscapeLeft UIInterfaceOrientationLandscapeRight";
				INFOPLIST_KEY_UISupportedInterfaceOrientations_iPhone = "UIInterfaceOrientationPortrait UIInterfaceOrientationLandscapeLeft UIInterfaceOrientationLandscapeRight";
				LD_RUNPATH_SEARCH_PATHS = (
					"$(inherited)",
					"@executable_path/Frameworks",
				);
				MARKETING_VERSION = 1.0;
				PRODUCT_BUNDLE_IDENTIFIER = "com.syborg.fib.clone.FIB-Clone";
				PRODUCT_NAME = "$(TARGET_NAME)";
				SWIFT_EMIT_LOC_STRINGS = YES;
				SWIFT_VERSION = 5.0;
				TARGETED_DEVICE_FAMILY = "1,2";
			};
			name = Release;
		};
/* End XCBuildConfiguration section */

/* Begin XCConfigurationList section */
		9C9B58F42E60AAE4002F515E /* Build configuration list for PBXProject "FIB_Clone" */ = {
			isa = XCConfigurationList;
			buildConfigurations = (
				9C9B59052E60AAE6002F515E /* Debug */,
				9C9B59062E60AAE6002F515E /* Release */,
			);
			defaultConfigurationIsVisible = 0;
			defaultConfigurationName = Release;
		};
		9C9B59072E60AAE6002F515E /* Build configuration list for PBXNativeTarget "FIB_Clone" */ = {
			isa = XCConfigurationList;
			buildConfigurations = (
				9C9B59082E60AAE6002F515E /* Debug */,
				9C9B59092E60AAE6002F515E /* Release */,
			);
			defaultConfigurationIsVisible = 0;
			defaultConfigurationName = Release;
		};
/* End XCConfigurationList section */
	};
	rootObject = 9C9B58F12E60AAE4002F515E /* Project object */;
}
